
Microsoft Visual Studio Solution File, Format Version 12.00
Project("{FAE04EC0-301F-11D3-BF4B-00C04F79EFBC}") = "BulkyBookWeb", "BulkyBookWeb\BulkyBookWeb.csproj", "{698963EC-4DBA-4BD6-9B5B-C39C712CFEDB}"
EndProject
Global
	GlobalSection(SolutionConfigurationPlatforms) = preSolution
		Debug|Any CPU = Debug|Any CPU
		Release|Any CPU = Release|Any CPU
	EndGlobalSection
	GlobalSection(ProjectConfigurationPlatforms) = postSolution
		{698963EC-4DBA-4BD6-9B5B-C39C712CFEDB}.Debug|Any CPU.ActiveCfg = Debug|Any CPU
		{698963EC-4DBA-4BD6-9B5B-C39C712CFEDB}.Debug|Any CPU.Build.0 = Debug|Any CPU
		{698963EC-4DBA-4BD6-9B5B-C39C712CFEDB}.Release|Any CPU.ActiveCfg = Release|Any CPU
		{698963EC-4DBA-4BD6-9B5B-C39C712CFEDB}.Release|Any CPU.Build.0 = Release|Any CPU
	EndGlobalSection
EndGlobal
